
Microsoft Visual Studio Solution File, Format Version 12.00
# Visual Studio Version 17
VisualStudioVersion = 17.5.33516.290
MinimumVisualStudioVersion = 10.0.40219.1
Project("{FAE04EC0-301F-11D3-BF4B-00C04F79EFBC}") = "MovieApp.API", "MovieApp.API\MovieApp.API.csproj", "{09B123ED-DBB1-4121-9885-4E1F65751724}"
EndProject
Project("{FAE04EC0-301F-11D3-BF4B-00C04F79EFBC}") = "MovieApp.Core", "MovieApp.Core\MovieApp.Core.csproj", "{1D21019E-D04F-4894-994C-477235860382}"
EndProject
Project("{FAE04EC0-301F-11D3-BF4B-00C04F79EFBC}") = "MovieApp.Application", "MovieApp.Application\MovieApp.Application.csproj", "{BE7F2880-5805-43C9-A504-97D5FC5EFDEE}"
EndProject
Project("{FAE04EC0-301F-11D3-BF4B-00C04F79EFBC}") = "MovieApp.Infrastructure", "MovieApp.Infrastructure\MovieApp.Infrastructure.csproj", "{C3BD4C2F-B112-472A-A06E-0E1B76A1B302}"
EndProject
Global
	GlobalSection(SolutionConfigurationPlatforms) = preSolution
		Debug|Any CPU = Debug|Any CPU
		Release|Any CPU = Release|Any CPU
	EndGlobalSection
	GlobalSection(ProjectConfigurationPlatforms) = postSolution
		{09B123ED-DBB1-4121-9885-4E1F65751724}.Debug|Any CPU.ActiveCfg = Debug|Any CPU
		{09B123ED-DBB1-4121-9885-4E1F65751724}.Debug|Any CPU.Build.0 = Debug|Any CPU
		{09B123ED-DBB1-4121-9885-4E1F65751724}.Release|Any CPU.ActiveCfg = Release|Any CPU
		{09B123ED-DBB1-4121-9885-4E1F65751724}.Release|Any CPU.Build.0 = Release|Any CPU
		{1D21019E-D04F-4894-994C-477235860382}.Debug|Any CPU.ActiveCfg = Debug|Any CPU
		{1D21019E-D04F-4894-994C-477235860382}.Debug|Any CPU.Build.0 = Debug|Any CPU
		{1D21019E-D04F-4894-994C-477235860382}.Release|Any CPU.ActiveCfg = Release|Any CPU
		{1D21019E-D04F-4894-994C-477235860382}.Release|Any CPU.Build.0 = Release|Any CPU
		{BE7F2880-5805-43C9-A504-97D5FC5EFDEE}.Debug|Any CPU.ActiveCfg = Debug|Any CPU
		{BE7F2880-5805-43C9-A504-97D5FC5EFDEE}.Debug|Any CPU.Build.0 = Debug|Any CPU
		{BE7F2880-5805-43C9-A504-97D5FC5EFDEE}.Release|Any CPU.ActiveCfg = Release|Any CPU
		{BE7F2880-5805-43C9-A504-97D5FC5EFDEE}.Release|Any CPU.Build.0 = Release|Any CPU
		{C3BD4C2F-B112-472A-A06E-0E1B76A1B302}.Debug|Any CPU.ActiveCfg = Debug|Any CPU
		{C3BD4C2F-B112-472A-A06E-0E1B76A1B302}.Debug|Any CPU.Build.0 = Debug|Any CPU
		{C3BD4C2F-B112-472A-A06E-0E1B76A1B302}.Release|Any CPU.ActiveCfg = Release|Any CPU
		{C3BD4C2F-B112-472A-A06E-0E1B76A1B302}.Release|Any CPU.Build.0 = Release|Any CPU
	EndGlobalSection
	GlobalSection(SolutionProperties) = preSolution
		HideSolutionNode = FALSE
	EndGlobalSection
	GlobalSection(ExtensibilityGlobals) = postSolution
		SolutionGuid = {FFE6896A-9186-4076-AD20-B978FDD06426}
	EndGlobalSection
EndGlobal
